
Microsoft Visual Studio Solution File, Format Version 12.00
# Visual Studio Version 16
VisualStudioVersion = 16.0.30503.244
MinimumVisualStudioVersion = 10.0.40219.1
Project("{FAE04EC0-301F-11D3-BF4B-00C04F79EFBC}") = "DataAccessLayer", "..\DataAccessLayer\DataAccessLayer.csproj", "{BEC6D414-F10A-433E-B562-D5BD1FD544D0}"
EndProject
Project("{FAE04EC0-301F-11D3-BF4B-00C04F79EFBC}") = "BusinessLogicLayer", "..\BusinessLogicLayer\BusinessLogicLayer.csproj", "{25376DBF-67EA-4E21-BEBA-632837B3204B}"
EndProject
Project("{FAE04EC0-301F-11D3-BF4B-00C04F79EFBC}") = "Entities", "..\Entities\Entities.csproj", "{A985B522-FFCC-465B-A399-5D140CE291F8}"
EndProject
Project("{FAE04EC0-301F-11D3-BF4B-00C04F79EFBC}") = "Cristela", "..\Cristela\Cristela.csproj", "{1C564F09-2911-4EDC-8A08-2DE65D33B8A9}"
EndProject
Global
	GlobalSection(SolutionConfigurationPlatforms) = preSolution
		Debug|Any CPU = Debug|Any CPU
		Debug|ARM = Debug|ARM
		Debug|ARM64 = Debug|ARM64
		Debug|x64 = Debug|x64
		Debug|x86 = Debug|x86
		Release|Any CPU = Release|Any CPU
		Release|ARM = Release|ARM
		Release|ARM64 = Release|ARM64
		Release|x64 = Release|x64
		Release|x86 = Release|x86
	EndGlobalSection
	GlobalSection(ProjectConfigurationPlatforms) = postSolution
		{BEC6D414-F10A-433E-B562-D5BD1FD544D0}.Debug|Any CPU.ActiveCfg = Debug|Any CPU
		{BEC6D414-F10A-433E-B562-D5BD1FD544D0}.Debug|Any CPU.Build.0 = Debug|Any CPU
		{BEC6D414-F10A-433E-B562-D5BD1FD544D0}.Debug|ARM.ActiveCfg = Debug|Any CPU
		{BEC6D414-F10A-433E-B562-D5BD1FD544D0}.Debug|ARM.Build.0 = Debug|Any CPU
		{BEC6D414-F10A-433E-B562-D5BD1FD544D0}.Debug|ARM64.ActiveCfg = Debug|Any CPU
		{BEC6D414-F10A-433E-B562-D5BD1FD544D0}.Debug|ARM64.Build.0 = Debug|Any CPU
		{BEC6D414-F10A-433E-B562-D5BD1FD544D0}.Debug|x64.ActiveCfg = Debug|Any CPU
		{BEC6D414-F10A-433E-B562-D5BD1FD544D0}.Debug|x64.Build.0 = Debug|Any CPU
		{BEC6D414-F10A-433E-B562-D5BD1FD544D0}.Debug|x86.ActiveCfg = Debug|Any CPU
		{BEC6D414-F10A-433E-B562-D5BD1FD544D0}.Debug|x86.Build.0 = Debug|Any CPU
		{BEC6D414-F10A-433E-B562-D5BD1FD544D0}.Release|Any CPU.ActiveCfg = Release|Any CPU
		{BEC6D414-F10A-433E-B562-D5BD1FD544D0}.Release|Any CPU.Build.0 = Release|Any CPU
		{BEC6D414-F10A-433E-B562-D5BD1FD544D0}.Release|ARM.ActiveCfg = Release|Any CPU
		{BEC6D414-F10A-433E-B562-D5BD1FD544D0}.Release|ARM.Build.0 = Release|Any CPU
		{BEC6D414-F10A-433E-B562-D5BD1FD544D0}.Release|ARM64.ActiveCfg = Release|Any CPU
		{BEC6D414-F10A-433E-B562-D5BD1FD544D0}.Release|ARM64.Build.0 = Release|Any CPU
		{BEC6D414-F10A-433E-B562-D5BD1FD544D0}.Release|x64.ActiveCfg = Release|Any CPU
		{BEC6D414-F10A-433E-B562-D5BD1FD544D0}.Release|x64.Build.0 = Release|Any CPU
		{BEC6D414-F10A-433E-B562-D5BD1FD544D0}.Release|x86.ActiveCfg = Release|Any CPU
		{BEC6D414-F10A-433E-B562-D5BD1FD544D0}.Release|x86.Build.0 = Release|Any CPU
		{25376DBF-67EA-4E21-BEBA-632837B3204B}.Debug|Any CPU.ActiveCfg = Debug|Any CPU
		{25376DBF-67EA-4E21-BEBA-632837B3204B}.Debug|Any CPU.Build.0 = Debug|Any CPU
		{25376DBF-67EA-4E21-BEBA-632837B3204B}.Debug|ARM.ActiveCfg = Debug|Any CPU
		{25376DBF-67EA-4E21-BEBA-632837B3204B}.Debug|ARM.Build.0 = Debug|Any CPU
		{25376DBF-67EA-4E21-BEBA-632837B3204B}.Debug|ARM64.ActiveCfg = Debug|Any CPU
		{25376DBF-67EA-4E21-BEBA-632837B3204B}.Debug|ARM64.Build.0 = Debug|Any CPU
		{25376DBF-67EA-4E21-BEBA-632837B3204B}.Debug|x64.ActiveCfg = Debug|Any CPU
		{25376DBF-67EA-4E21-BEBA-632837B3204B}.Debug|x64.Build.0 = Debug|Any CPU
		{25376DBF-67EA-4E21-BEBA-632837B3204B}.Debug|x86.ActiveCfg = Debug|Any CPU
		{25376DBF-67EA-4E21-BEBA-632837B3204B}.Debug|x86.Build.0 = Debug|Any CPU
		{25376DBF-67EA-4E21-BEBA-632837B3204B}.Release|Any CPU.ActiveCfg = Release|Any CPU
		{25376DBF-67EA-4E21-BEBA-632837B3204B}.Release|Any CPU.Build.0 = Release|Any CPU
		{25376DBF-67EA-4E21-BEBA-632837B3204B}.Release|ARM.ActiveCfg = Release|Any CPU
		{25376DBF-67EA-4E21-BEBA-632837B3204B}.Release|ARM.Build.0 = Release|Any CPU
		{25376DBF-67EA-4E21-BEBA-632837B3204B}.Release|ARM64.ActiveCfg = Release|Any CPU
		{25376DBF-67EA-4E21-BEBA-632837B3204B}.Release|ARM64.Build.0 = Release|Any CPU
		{25376DBF-67EA-4E21-BEBA-632837B3204B}.Release|x64.ActiveCfg = Release|Any CPU
		{25376DBF-67EA-4E21-BEBA-632837B3204B}.Release|x64.Build.0 = Release|Any CPU
		{25376DBF-67EA-4E21-BEBA-632837B3204B}.Release|x86.ActiveCfg = Release|Any CPU
		{25376DBF-67EA-4E21-BEBA-632837B3204B}.Release|x86.Build.0 = Release|Any CPU
		{A985B522-FFCC-465B-A399-5D140CE291F8}.Debug|Any CPU.ActiveCfg = Debug|Any CPU
		{A985B522-FFCC-465B-A399-5D140CE291F8}.Debug|Any CPU.Build.0 = Debug|Any CPU
		{A985B522-FFCC-465B-A399-5D140CE291F8}.Debug|ARM.ActiveCfg = Debug|Any CPU
		{A985B522-FFCC-465B-A399-5D140CE291F8}.Debug|ARM.Build.0 = Debug|Any CPU
		{A985B522-FFCC-465B-A399-5D140CE291F8}.Debug|ARM64.ActiveCfg = Debug|Any CPU
		{A985B522-FFCC-465B-A399-5D140CE291F8}.Debug|ARM64.Build.0 = Debug|Any CPU
		{A985B522-FFCC-465B-A399-5D140CE291F8}.Debug|x64.ActiveCfg = Debug|Any CPU
		{A985B522-FFCC-465B-A399-5D140CE291F8}.Debug|x64.Build.0 = Debug|Any CPU
		{A985B522-FFCC-465B-A399-5D140CE291F8}.Debug|x86.ActiveCfg = Debug|Any CPU
		{A985B522-FFCC-465B-A399-5D140CE291F8}.Debug|x86.Build.0 = Debug|Any CPU
		{A985B522-FFCC-465B-A399-5D140CE291F8}.Release|Any CPU.ActiveCfg = Release|Any CPU
		{A985B522-FFCC-465B-A399-5D140CE291F8}.Release|Any CPU.Build.0 = Release|Any CPU
		{A985B522-FFCC-465B-A399-5D140CE291F8}.Release|ARM.ActiveCfg = Release|Any CPU
		{A985B522-FFCC-465B-A399-5D140CE291F8}.Release|ARM.Build.0 = Release|Any CPU
		{A985B522-FFCC-465B-A399-5D140CE291F8}.Release|ARM64.ActiveCfg = Release|Any CPU
		{A985B522-FFCC-465B-A399-5D140CE291F8}.Release|ARM64.Build.0 = Release|Any CPU
		{A985B522-FFCC-465B-A399-5D140CE291F8}.Release|x64.ActiveCfg = Release|Any CPU
		{A985B522-FFCC-465B-A399-5D140CE291F8}.Release|x64.Build.0 = Release|Any CPU
		{A985B522-FFCC-465B-A399-5D140CE291F8}.Release|x86.ActiveCfg = Release|Any CPU
		{A985B522-FFCC-465B-A399-5D140CE291F8}.Release|x86.Build.0 = Release|Any CPU
		{1C564F09-2911-4EDC-8A08-2DE65D33B8A9}.Debug|Any CPU.ActiveCfg = Debug|Any CPU
		{1C564F09-2911-4EDC-8A08-2DE65D33B8A9}.Debug|Any CPU.Build.0 = Debug|Any CPU
		{1C564F09-2911-4EDC-8A08-2DE65D33B8A9}.Debug|ARM.ActiveCfg = Debug|Any CPU
		{1C564F09-2911-4EDC-8A08-2DE65D33B8A9}.Debug|ARM.Build.0 = Debug|Any CPU
		{1C564F09-2911-4EDC-8A08-2DE65D33B8A9}.Debug|ARM64.ActiveCfg = Debug|Any CPU
		{1C564F09-2911-4EDC-8A08-2DE65D33B8A9}.Debug|ARM64.Build.0 = Debug|Any CPU
		{1C564F09-2911-4EDC-8A08-2DE65D33B8A9}.Debug|x64.ActiveCfg = Debug|Any CPU
		{1C564F09-2911-4EDC-8A08-2DE65D33B8A9}.Debug|x64.Build.0 = Debug|Any CPU
		{1C564F09-2911-4EDC-8A08-2DE65D33B8A9}.Debug|x86.ActiveCfg = Debug|Any CPU
		{1C564F09-2911-4EDC-8A08-2DE65D33B8A9}.Debug|x86.Build.0 = Debug|Any CPU
		{1C564F09-2911-4EDC-8A08-2DE65D33B8A9}.Release|Any CPU.ActiveCfg = Release|Any CPU
		{1C564F09-2911-4EDC-8A08-2DE65D33B8A9}.Release|Any CPU.Build.0 = Release|Any CPU
		{1C564F09-2911-4EDC-8A08-2DE65D33B8A9}.Release|ARM.ActiveCfg = Release|Any CPU
		{1C564F09-2911-4EDC-8A08-2DE65D33B8A9}.Release|ARM.Build.0 = Release|Any CPU
		{1C564F09-2911-4EDC-8A08-2DE65D33B8A9}.Release|ARM64.ActiveCfg = Release|Any CPU
		{1C564F09-2911-4EDC-8A08-2DE65D33B8A9}.Release|ARM64.Build.0 = Release|Any CPU
		{1C564F09-2911-4EDC-8A08-2DE65D33B8A9}.Release|x64.ActiveCfg = Release|Any CPU
		{1C564F09-2911-4EDC-8A08-2DE65D33B8A9}.Release|x64.Build.0 = Release|Any CPU
		{1C564F09-2911-4EDC-8A08-2DE65D33B8A9}.Release|x86.ActiveCfg = Release|Any CPU
		{1C564F09-2911-4EDC-8A08-2DE65D33B8A9}.Release|x86.Build.0 = Release|Any CPU
	EndGlobalSection
	GlobalSection(SolutionProperties) = preSolution
		HideSolutionNode = FALSE
	EndGlobalSection
	GlobalSection(ExtensibilityGlobals) = postSolution
		SolutionGuid = {1E2DD98A-50E9-4557-8AD4-494FA011F829}
	EndGlobalSection
EndGlobal
